{
  "nodes": {
    "fenix": {
      "inputs": {
        "nixpkgs": [
          "nixpkgs"
        ],
        "rust-analyzer-src": "rust-analyzer-src"
      },
      "locked": {
        "lastModified": 1693203690,
        "narHash": "sha256-qrgyFtRaduofcJF1T7TscNWM4HTx4qtFzpilD0K8M0o=",
        "owner": "nix-community",
        "repo": "fenix",
        "rev": "8eb35c8c402edda73a7dde82e48bf279542640c7",
        "type": "github"
      },
      "original": {
        "owner": "nix-community",
        "repo": "fenix",
        "type": "github"
      }
    },
    "flake-utils": {
      "inputs": {
        "systems": "systems"
      },
      "locked": {
        "lastModified": 1692799911,
        "narHash": "sha256-3eihraek4qL744EvQXsK1Ha6C3CR7nnT8X2qWap4RNk=",
        "owner": "numtide",
        "repo": "flake-utils",
        "rev": "f9e7cf818399d17d347f847525c5a5a8032e4e44",
        "type": "github"
      },
      "original": {
        "owner": "numtide",
        "repo": "flake-utils",
        "type": "github"
      }
    },
    "hello": {
      "inputs": {
        "flake-utils": "flake-utils",
        "naersk-package": "naersk-package",
        "nixpkgs": [
          "nixpkgs"
        ],
        "rust-overlay": "rust-overlay"
      },
      "locked": {
        "lastModified": 1693253038,
        "narHash": "sha256-YiPj9WbStFwLrQWK/LAhGZpRaLFt10eTR/SUMaGzEKM=",
        "owner": "knarkzel",
        "repo": "hello",
        "rev": "f455709d569d06aaa72770985a4bb0e176a9f2f8",
        "type": "github"
      },
      "original": {
        "owner": "knarkzel",
        "repo": "hello",
        "type": "github"
      }
    },
    "home-manager": {
      "inputs": {
        "nixpkgs": [
          "nixpkgs"
        ]
      },
      "locked": {
        "lastModified": 1693187908,
        "narHash": "sha256-cTcNpsqi1llmUFl9bmCdD0mTyfjhBrNFPhu2W12WXzA=",
        "owner": "nix-community",
        "repo": "home-manager",
        "rev": "8bde7a651b94ba30bd0baaa9c4a08aae88cc2e92",
        "type": "github"
      },
      "original": {
        "owner": "nix-community",
        "repo": "home-manager",
        "type": "github"
      }
    },
    "mozilla": {
      "locked": {
        "lastModified": 1690536331,
        "narHash": "sha256-aRIf2FB2GTdfF7gl13WyETmiV/J7EhBGkSWXfZvlxcA=",
        "owner": "mozilla",
        "repo": "nixpkgs-mozilla",
        "rev": "db89c8707edcffefcd8e738459d511543a339ff5",
        "type": "github"
      },
      "original": {
        "owner": "mozilla",
        "ref": "master",
        "repo": "nixpkgs-mozilla",
        "type": "github"
      }
    },
    "naersk-package": {
      "inputs": {
        "nixpkgs": [
          "hello",
          "nixpkgs"
        ]
      },
      "locked": {
        "lastModified": 1692351612,
        "narHash": "sha256-KTGonidcdaLadRnv9KFgwSMh1ZbXoR/OBmPjeNMhFwU=",
        "owner": "nix-community",
        "repo": "naersk",
        "rev": "78789c30d64dea2396c9da516bbcc8db3a475207",
        "type": "github"
      },
      "original": {
        "owner": "nix-community",
        "repo": "naersk",
        "type": "github"
      }
    },
    "nixos-hardware": {
      "locked": {
        "lastModified": 1692952286,
        "narHash": "sha256-TsrtPv3+Q1KR0avZxpiJH+b6fX/R/hEQVHbjl1ebotY=",
        "owner": "NixOS",
        "repo": "nixos-hardware",
        "rev": "817e297fc3352fadc15f2c5306909aa9192d7d97",
        "type": "github"
      },
      "original": {
        "owner": "NixOS",
        "ref": "master",
        "repo": "nixos-hardware",
        "type": "github"
      }
    },
    "nixpkgs": {
      "locked": {
        "lastModified": 1693158576,
        "narHash": "sha256-aRTTXkYvhXosGx535iAFUaoFboUrZSYb1Ooih/auGp0=",
        "owner": "NixOS",
        "repo": "nixpkgs",
        "rev": "a999c1cc0c9eb2095729d5aa03e0d8f7ed256780",
        "type": "github"
      },
      "original": {
        "owner": "NixOS",
        "ref": "nixos-unstable",
        "repo": "nixpkgs",
        "type": "github"
      }
    },
    "root": {
      "inputs": {
        "fenix": "fenix",
        "hello": "hello",
        "home-manager": "home-manager",
        "mozilla": "mozilla",
        "nixos-hardware": "nixos-hardware",
        "nixpkgs": "nixpkgs"
      }
    },
    "rust-analyzer-src": {
      "flake": false,
      "locked": {
        "lastModified": 1692775770,
        "narHash": "sha256-LwoR5N1JHykSte2Ak+Pj/HjJ9fKy9zMJNEftfBJQkLs=",
        "owner": "rust-lang",
        "repo": "rust-analyzer",
        "rev": "f5b7c60ff7a79bfb3e10f3e98c81b7bb4cb53c68",
        "type": "github"
      },
      "original": {
        "owner": "rust-lang",
        "ref": "nightly",
        "repo": "rust-analyzer",
        "type": "github"
      }
    },
    "rust-overlay": {
      "inputs": {
        "flake-utils": [
          "hello",
          "flake-utils"
        ],
        "nixpkgs": [
          "hello",
          "nixpkgs"
        ]
      },
      "locked": {
        "lastModified": 1693188660,
        "narHash": "sha256-F8vlVcYoEBRJqV3pN2QNSCI/A2i77ad5R9iiZ4llt1A=",
        "owner": "oxalica",
        "repo": "rust-overlay",
        "rev": "23756b2c5594da5c1ad2f40ae2440b9f8a2165b7",
        "type": "github"
      },
      "original": {
        "owner": "oxalica",
        "repo": "rust-overlay",
        "type": "github"
      }
    },
    "systems": {
      "locked": {
        "lastModified": 1681028828,
        "narHash": "sha256-Vy1rq5AaRuLzOxct8nz4T6wlgyUR7zLU309k9mBC768=",
        "owner": "nix-systems",
        "repo": "default",
        "rev": "da67096a3b9bf56a91d16901293e51ba5b49a27e",
        "type": "github"
      },
      "original": {
        "owner": "nix-systems",
        "repo": "default",
        "type": "github"
      }
    }
  },
  "root": "root",
  "version": 7
}
